
Microsoft Visual Studio Solution File, Format Version 12.00
# Visual Studio Version 18
VisualStudioVersion = 18.1.11312.151
MinimumVisualStudioVersion = 10.0.40219.1
Project("{FAE04EC0-301F-11D3-BF4B-00C04F79EFBC}") = "CustomORM", "CustomORM\CustomORM.csproj", "{F05D3397-14A1-DB55-BBB3-DD164285B65A}"
EndProject
Project("{FAE04EC0-301F-11D3-BF4B-00C04F79EFBC}") = "MedicalSystemApp", "MedicalSystemApp\MedicalSystemApp.csproj", "{48ED9083-5FE0-FB7A-F64F-40D97BF9FF58}"
EndProject
Global
	GlobalSection(SolutionConfigurationPlatforms) = preSolution
		Debug|Any CPU = Debug|Any CPU
		Release|Any CPU = Release|Any CPU
	EndGlobalSection
	GlobalSection(ProjectConfigurationPlatforms) = postSolution
		{F05D3397-14A1-DB55-BBB3-DD164285B65A}.Debug|Any CPU.ActiveCfg = Debug|Any CPU
		{F05D3397-14A1-DB55-BBB3-DD164285B65A}.Debug|Any CPU.Build.0 = Debug|Any CPU
		{F05D3397-14A1-DB55-BBB3-DD164285B65A}.Release|Any CPU.ActiveCfg = Release|Any CPU
		{F05D3397-14A1-DB55-BBB3-DD164285B65A}.Release|Any CPU.Build.0 = Release|Any CPU
		{48ED9083-5FE0-FB7A-F64F-40D97BF9FF58}.Debug|Any CPU.ActiveCfg = Debug|Any CPU
		{48ED9083-5FE0-FB7A-F64F-40D97BF9FF58}.Debug|Any CPU.Build.0 = Debug|Any CPU
		{48ED9083-5FE0-FB7A-F64F-40D97BF9FF58}.Release|Any CPU.ActiveCfg = Release|Any CPU
		{48ED9083-5FE0-FB7A-F64F-40D97BF9FF58}.Release|Any CPU.Build.0 = Release|Any CPU
	EndGlobalSection
	GlobalSection(SolutionProperties) = preSolution
		HideSolutionNode = FALSE
	EndGlobalSection
	GlobalSection(ExtensibilityGlobals) = postSolution
		SolutionGuid = {B0EA518E-BDDD-4334-81FB-1D07A7A10ED1}
	EndGlobalSection
EndGlobal
